
Microsoft Visual Studio Solution File, Format Version 12.00
# Visual Studio Version 17
VisualStudioVersion = 17.8.34330.188
MinimumVisualStudioVersion = 10.0.40219.1
Project("{FAE04EC0-301F-11D3-BF4B-00C04F79EFBC}") = "MonteCarloUP", "MonteCarloUP\MonteCarloUP.csproj", "{5FBE9681-CF95-44D3-95A7-DF13F1A3C69B}"
EndProject
Global
	GlobalSection(SolutionConfigurationPlatforms) = preSolution
		Debug|Any CPU = Debug|Any CPU
		Release|Any CPU = Release|Any CPU
	EndGlobalSection
	GlobalSection(ProjectConfigurationPlatforms) = postSolution
		{5FBE9681-CF95-44D3-95A7-DF13F1A3C69B}.Debug|Any CPU.ActiveCfg = Debug|Any CPU
		{5FBE9681-CF95-44D3-95A7-DF13F1A3C69B}.Debug|Any CPU.Build.0 = Debug|Any CPU
		{5FBE9681-CF95-44D3-95A7-DF13F1A3C69B}.Release|Any CPU.ActiveCfg = Release|Any CPU
		{5FBE9681-CF95-44D3-95A7-DF13F1A3C69B}.Release|Any CPU.Build.0 = Release|Any CPU
	EndGlobalSection
	GlobalSection(SolutionProperties) = preSolution
		HideSolutionNode = FALSE
	EndGlobalSection
	GlobalSection(ExtensibilityGlobals) = postSolution
		SolutionGuid = {606869BC-6F64-42DE-89BA-E7A83A5D0037}
	EndGlobalSection
EndGlobal
